# THIS IS AN AUTOGENERATED FILE. DO NOT EDIT THIS FILE DIRECTLY.
# yarn lockfile v1


"@babel/runtime@^7.12.5":
  version "7.23.6"
  resolved "https://registry.yarnpkg.com/@babel/runtime/-/runtime-7.23.6.tgz#c05e610dc228855dc92ef1b53d07389ed8ab521d"
  integrity sha512-zHd0eUrf5GZoOWVCXp6koAKQTfZV07eit6bGPmJgnZdnSAvvZee6zniW2XMF7Cmc4ISOOnPy3QaSiIJGJkVEDQ==
  dependencies:
    regenerator-runtime "^0.14.0"

"@lexical/clipboard@0.12.5":
  version "0.12.5"
  resolved "https://registry.yarnpkg.com/@lexical/clipboard/-/clipboard-0.12.5.tgz#8b6f3711a958b0d32483b5ef07abe7b59f0d2348"
  integrity sha512-A0k0g5mCHDgROLF33TwiKdjMWEfajyPcIF64lsHapZ19ZTi1iabGkXvpHnyHaMq79py1Se/e6tOcmFe9nOJkrQ==
  dependencies:
    "@lexical/html" "0.12.5"
    "@lexical/list" "0.12.5"
    "@lexical/selection" "0.12.5"
    "@lexical/utils" "0.12.5"

"@lexical/code@0.12.5":
  version "0.12.5"
  resolved "https://registry.yarnpkg.com/@lexical/code/-/code-0.12.5.tgz#cd7ff744782ea526a82019d9005f1ef465dbac6d"
  integrity sha512-YV879sO2C0efWXgj4ZUzpowPWxbid8T5I0vysQIzuWPiaQG0fjilz1maYV+X95hD2VXW8yhyOnEdScfeKk62Zg==
  dependencies:
    "@lexical/utils" "0.12.5"
    prismjs "^1.27.0"

"@lexical/dragon@0.12.5":
  version "0.12.5"
  resolved "https://registry.yarnpkg.com/@lexical/dragon/-/dragon-0.12.5.tgz#22099c2ba5e1c67b43418018427e3b38e90f99eb"
  integrity sha512-RFU6wIIUS0/ab5JtLp2rKaUi7nltDT96+GdmvNVHpAfa7TZuepYsoi7PtZB9aF/Outye4U7dQU2tNwesDBf8kg==

"@lexical/hashtag@0.12.5":
  version "0.12.5"
  resolved "https://registry.yarnpkg.com/@lexical/hashtag/-/hashtag-0.12.5.tgz#1a8006213a93d28dcf52d41fc8699e11a21a11df"
  integrity sha512-nlPFScTiuZgUtuBSnRkHK9AuRDV35zZug4JLG1Hkky+Fh1PJ+0MK+/K8mhoatp13zm7GqN2fMOrrUGufqEingw==
  dependencies:
    "@lexical/utils" "0.12.5"

"@lexical/history@0.12.5":
  version "0.12.5"
  resolved "https://registry.yarnpkg.com/@lexical/history/-/history-0.12.5.tgz#4258f613959e90415b8e481eb56a710b0823aead"
  integrity sha512-nF5TurEE4qRbuNP/i5pDtVfWHQXb4ONof+MvKmHNfLRJbxSj7Ee33MVG9x851PjAzXoXuGJvw6FMBCasGXQx7A==
  dependencies:
    "@lexical/utils" "0.12.5"

"@lexical/html@0.12.5":
  version "0.12.5"
  resolved "https://registry.yarnpkg.com/@lexical/html/-/html-0.12.5.tgz#86d31d76abde29497801ba949938734cca0e2cd8"
  integrity sha512-OzsWKVcr9wUGvAbgyUdG+32/cI2RclI4I4JmIyfLbiYMBYdafu+j160cjohNWu9gQFjVFszIjG4CBxfwRM+Sag==
  dependencies:
    "@lexical/selection" "0.12.5"
    "@lexical/utils" "0.12.5"

"@lexical/link@0.12.5":
  version "0.12.5"
  resolved "https://registry.yarnpkg.com/@lexical/link/-/link-0.12.5.tgz#054b2ac9267466753998698bfebe636b61d50581"
  integrity sha512-h7p5G+XXKqNrb4lk55mJL23Us5pz2szbzZevccADJ9Om6o3i4aNyjv1MeC29WXjmgS0YKHDlYcnKEgyAPKvVMw==
  dependencies:
    "@lexical/utils" "0.12.5"

"@lexical/list@0.12.5":
  version "0.12.5"
  resolved "https://registry.yarnpkg.com/@lexical/list/-/list-0.12.5.tgz#4098d55cbcaf33bcb2dc3a385184d68d5a5e6ea3"
  integrity sha512-KNJ262krlpcDZ2U1LC8xp86uw2nqt88iEQgpF+khv3SAqqLbhT8tMpyZ6+eWbW3mHPhQIxFutJGazMAqMW3uUA==
  dependencies:
    "@lexical/utils" "0.12.5"

"@lexical/mark@0.12.5":
  version "0.12.5"
  resolved "https://registry.yarnpkg.com/@lexical/mark/-/mark-0.12.5.tgz#eb3311da2f697235da5d193c6476fb0afc8272b3"
  integrity sha512-61ctAYrxTGl4uMDTnE5fRH4yrs8sqnRyivuNWyOmQR6W/G3s0gHwkUZC7akOSnPLYhfnXRl3C4haY8pH93sWQg==
  dependencies:
    "@lexical/utils" "0.12.5"

"@lexical/markdown@0.12.5":
  version "0.12.5"
  resolved "https://registry.yarnpkg.com/@lexical/markdown/-/markdown-0.12.5.tgz#4548b46b9903de04d7d4f3ab0dcbc3d29da04395"
  integrity sha512-F3cBcuhoGWxxCqERUXF4fYfJhceK7gFYQPRsXir5mYriSNZIQIMhJoeAt8Pjer0UjFyQvNfQ+AzzXHu5xYNLLA==
  dependencies:
    "@lexical/code" "0.12.5"
    "@lexical/link" "0.12.5"
    "@lexical/list" "0.12.5"
    "@lexical/rich-text" "0.12.5"
    "@lexical/text" "0.12.5"
    "@lexical/utils" "0.12.5"

"@lexical/offset@0.12.5":
  version "0.12.5"
  resolved "https://registry.yarnpkg.com/@lexical/offset/-/offset-0.12.5.tgz#420afc5a8f09c0cfc91ac51c25439777c1ea8580"
  integrity sha512-K+Mt4tOmwKarsJ1esdqNgN9Ep/JaeFa9ZQ7DKx8KIOkXL35nPb9NXuBvYyJjh1crP/iwsuP15kymgDjxj9ciMw==

"@lexical/overflow@0.12.5":
  version "0.12.5"
  resolved "https://registry.yarnpkg.com/@lexical/overflow/-/overflow-0.12.5.tgz#ba7b284f6cad8735e86069b1606c99f35bdb87d4"
  integrity sha512-boP1oTgBbNmbo8+1tgpDAs1P/lbTk4oWZ6x88E9VNVBJSkG2ZrmQKQoJzKzHwpjXbm+Cechf77JxfgTOabzYxw==

"@lexical/plain-text@0.12.5":
  version "0.12.5"
  resolved "https://registry.yarnpkg.com/@lexical/plain-text/-/plain-text-0.12.5.tgz#5e5fffb735715f5c1bd71c5a754cfb1249fac75e"
  integrity sha512-n24aQvTIy4AN+LaoQce6BIuSY4pUshiTp4OpiRh48o5c9NU0DmzEa0l9fBS1GfvjZL9bN5luiINFYn/bMB49nA==

"@lexical/react@^0.12.5":
  version "0.12.5"
  resolved "https://registry.yarnpkg.com/@lexical/react/-/react-0.12.5.tgz#76167b655ae9de46662e51eb5a674e789b483d79"
  integrity sha512-pAbJQksin223Yp1p1VsPKxkRtSppVij+HcLTzP89q2QuSA0z0p/T+f5jZjs8eV6tecMtmrjizhdLTbk0jkej1w==
  dependencies:
    "@lexical/clipboard" "0.12.5"
    "@lexical/code" "0.12.5"
    "@lexical/dragon" "0.12.5"
    "@lexical/hashtag" "0.12.5"
    "@lexical/history" "0.12.5"
    "@lexical/link" "0.12.5"
    "@lexical/list" "0.12.5"
    "@lexical/mark" "0.12.5"
    "@lexical/markdown" "0.12.5"
    "@lexical/overflow" "0.12.5"
    "@lexical/plain-text" "0.12.5"
    "@lexical/rich-text" "0.12.5"
    "@lexical/selection" "0.12.5"
    "@lexical/table" "0.12.5"
    "@lexical/text" "0.12.5"
    "@lexical/utils" "0.12.5"
    "@lexical/yjs" "0.12.5"
    react-error-boundary "^3.1.4"

"@lexical/rich-text@0.12.5":
  version "0.12.5"
  resolved "https://registry.yarnpkg.com/@lexical/rich-text/-/rich-text-0.12.5.tgz#63c140bc1f3940e2f6f493110a221df7afee8163"
  integrity sha512-33R8ODRI5kKGbF70A/FWdISbbSPk+q4hKtiEJaV67zYPBuzrz0YHcni+tgKiykS05LgCksI/e43sfEkiykjrVQ==

"@lexical/selection@0.12.5":
  version "0.12.5"
  resolved "https://registry.yarnpkg.com/@lexical/selection/-/selection-0.12.5.tgz#b5e8f83558b0fc3ac24acfbc4db64bb1ed6499f7"
  integrity sha512-oWJ87T4j6plf2yQzElOeudUyv7kdwTkuhzTZbcCTBNH/cSMdp55/Kv2doBynxhfHYEceuBKE7f8rci//T9DUPQ==

"@lexical/table@0.12.5":
  version "0.12.5"
  resolved "https://registry.yarnpkg.com/@lexical/table/-/table-0.12.5.tgz#f08911b9b0e8129247362e8af702263012d49f40"
  integrity sha512-vgSTsjvGw+TrYYBmf3FR0kYJ+j1oOlBmrO1sqvuIrGPXKWmvYL+RbKIkm2xhtApVHVYgqfFvxNiZrPL5Wf9dXg==
  dependencies:
    "@lexical/utils" "0.12.5"

"@lexical/text@0.12.5":
  version "0.12.5"
  resolved "https://registry.yarnpkg.com/@lexical/text/-/text-0.12.5.tgz#efccd16d373baae589feba0770d50ced012e7814"
  integrity sha512-PU1ntXQCqon3HTjrEPl/HdKB/boyW36vKgiPvojoaAhBhkEnuiN+Pq9hrexORBcZPyLFp6wYoWXjKSO4fJVYeA==

"@lexical/utils@0.12.5":
  version "0.12.5"
  resolved "https://registry.yarnpkg.com/@lexical/utils/-/utils-0.12.5.tgz#ec0dd7ab473012ab33ba75f85e3f1862fe858641"
  integrity sha512-wPVyvi1Cvtf7aHwVKlG/9RlgHxSUzpGvXm87t889Rg7uZfOteyvXHJStjpSCZ3pvZ60y5ETin4OoetaVZciPfw==
  dependencies:
    "@lexical/list" "0.12.5"
    "@lexical/selection" "0.12.5"
    "@lexical/table" "0.12.5"

"@lexical/yjs@0.12.5":
  version "0.12.5"
  resolved "https://registry.yarnpkg.com/@lexical/yjs/-/yjs-0.12.5.tgz#bcecad3a7c8e7e36eab2312083af5dbb3d0082e7"
  integrity sha512-GNiRND/8ePdTWuSDFloPo/1355V0ce6OtH/25qxCq5D9MLNiIkAcwqQfnWFUdOtVMuNJOVc4OfCE9ARCGuEjyQ==
  dependencies:
    "@lexical/offset" "0.12.5"

"@next/env@14.0.4":
  version "14.0.4"
  resolved "https://registry.yarnpkg.com/@next/env/-/env-14.0.4.tgz#d5cda0c4a862d70ae760e58c0cd96a8899a2e49a"
  integrity sha512-irQnbMLbUNQpP1wcE5NstJtbuA/69kRfzBrpAD7Gsn8zm/CY6YQYc3HQBz8QPxwISG26tIm5afvvVbu508oBeQ==

"@next/swc-darwin-arm64@14.0.4":
  version "14.0.4"
  resolved "https://registry.yarnpkg.com/@next/swc-darwin-arm64/-/swc-darwin-arm64-14.0.4.tgz#27b1854c2cd04eb1d5e75081a1a792ad91526618"
  integrity sha512-mF05E/5uPthWzyYDyptcwHptucf/jj09i2SXBPwNzbgBNc+XnwzrL0U6BmPjQeOL+FiB+iG1gwBeq7mlDjSRPg==

"@next/swc-darwin-x64@14.0.4":
  version "14.0.4"
  resolved "https://registry.yarnpkg.com/@next/swc-darwin-x64/-/swc-darwin-x64-14.0.4.tgz#9940c449e757d0ee50bb9e792d2600cc08a3eb3b"
  integrity sha512-IZQ3C7Bx0k2rYtrZZxKKiusMTM9WWcK5ajyhOZkYYTCc8xytmwSzR1skU7qLgVT/EY9xtXDG0WhY6fyujnI3rw==

"@next/swc-linux-arm64-gnu@14.0.4":
  version "14.0.4"
  resolved "https://registry.yarnpkg.com/@next/swc-linux-arm64-gnu/-/swc-linux-arm64-gnu-14.0.4.tgz#0eafd27c8587f68ace7b4fa80695711a8434de21"
  integrity sha512-VwwZKrBQo/MGb1VOrxJ6LrKvbpo7UbROuyMRvQKTFKhNaXjUmKTu7wxVkIuCARAfiI8JpaWAnKR+D6tzpCcM4w==

"@next/swc-linux-arm64-musl@14.0.4":
  version "14.0.4"
  resolved "https://registry.yarnpkg.com/@next/swc-linux-arm64-musl/-/swc-linux-arm64-musl-14.0.4.tgz#2b0072adb213f36dada5394ea67d6e82069ae7dd"
  integrity sha512-8QftwPEW37XxXoAwsn+nXlodKWHfpMaSvt81W43Wh8dv0gkheD+30ezWMcFGHLI71KiWmHK5PSQbTQGUiidvLQ==

"@next/swc-linux-x64-gnu@14.0.4":
  version "14.0.4"
  resolved "https://registry.yarnpkg.com/@next/swc-linux-x64-gnu/-/swc-linux-x64-gnu-14.0.4.tgz#68c67d20ebc8e3f6ced6ff23a4ba2a679dbcec32"
  integrity sha512-/s/Pme3VKfZAfISlYVq2hzFS8AcAIOTnoKupc/j4WlvF6GQ0VouS2Q2KEgPuO1eMBwakWPB1aYFIA4VNVh667A==

"@next/swc-linux-x64-musl@14.0.4":
  version "14.0.4"
  resolved "https://registry.yarnpkg.com/@next/swc-linux-x64-musl/-/swc-linux-x64-musl-14.0.4.tgz#67cd81b42fb2caf313f7992fcf6d978af55a1247"
  integrity sha512-m8z/6Fyal4L9Bnlxde5g2Mfa1Z7dasMQyhEhskDATpqr+Y0mjOBZcXQ7G5U+vgL22cI4T7MfvgtrM2jdopqWaw==

"@next/swc-win32-arm64-msvc@14.0.4":
  version "14.0.4"
  resolved "https://registry.yarnpkg.com/@next/swc-win32-arm64-msvc/-/swc-win32-arm64-msvc-14.0.4.tgz#be06585906b195d755ceda28f33c633e1443f1a3"
  integrity sha512-7Wv4PRiWIAWbm5XrGz3D8HUkCVDMMz9igffZG4NB1p4u1KoItwx9qjATHz88kwCEal/HXmbShucaslXCQXUM5w==

"@next/swc-win32-ia32-msvc@14.0.4":
  version "14.0.4"
  resolved "https://registry.yarnpkg.com/@next/swc-win32-ia32-msvc/-/swc-win32-ia32-msvc-14.0.4.tgz#e76cabefa9f2d891599c3d85928475bd8d3f6600"
  integrity sha512-zLeNEAPULsl0phfGb4kdzF/cAVIfaC7hY+kt0/d+y9mzcZHsMS3hAS829WbJ31DkSlVKQeHEjZHIdhN+Pg7Gyg==

"@next/swc-win32-x64-msvc@14.0.4":
  version "14.0.4"
  resolved "https://registry.yarnpkg.com/@next/swc-win32-x64-msvc/-/swc-win32-x64-msvc-14.0.4.tgz#e74892f1a9ccf41d3bf5979ad6d3d77c07b9cba1"
  integrity sha512-yEh2+R8qDlDCjxVpzOTEpBLQTEFAcP2A8fUFLaWNap9GitYKkKv1//y2S6XY6zsR4rCOPRpU7plYDR+az2n30A==

"@swc/helpers@0.5.2":
  version "0.5.2"
  resolved "https://registry.yarnpkg.com/@swc/helpers/-/helpers-0.5.2.tgz#85ea0c76450b61ad7d10a37050289eded783c27d"
  integrity sha512-E4KcWTpoLHqwPHLxidpOqQbcrZVgi0rsmmZXUle1jXmJfuIf/UWpczUJ7MZZ5tlxytgJXyp0w4PGkkeLiuIdZw==
  dependencies:
    tslib "^2.4.0"

"@types/node@20.10.5":
  version "20.10.5"
  resolved "https://registry.yarnpkg.com/@types/node/-/node-20.10.5.tgz#47ad460b514096b7ed63a1dae26fad0914ed3ab2"
  integrity sha512-nNPsNE65wjMxEKI93yOP+NPGGBJz/PoN3kZsVLee0XMiJolxSekEVD8wRwBUBqkwc7UWop0edW50yrCQW4CyRw==
  dependencies:
    undici-types "~5.26.4"

"@types/prop-types@*":
  version "15.7.11"
  resolved "https://registry.yarnpkg.com/@types/prop-types/-/prop-types-15.7.11.tgz#2596fb352ee96a1379c657734d4b913a613ad563"
  integrity sha512-ga8y9v9uyeiLdpKddhxYQkxNDrfvuPrlFb0N1qnZZByvcElJaXthF1UhvCh9TLWJBEHeNtdnbysW7Y6Uq8CVng==

"@types/react@18.2.46":
  version "18.2.46"
  resolved "https://registry.yarnpkg.com/@types/react/-/react-18.2.46.tgz#f04d6c528f8f136ea66333bc66abcae46e2680df"
  integrity sha512-nNCvVBcZlvX4NU1nRRNV/mFl1nNRuTuslAJglQsq+8ldXe5Xv0Wd2f7WTE3jOxhLH2BFfiZGC6GCp+kHQbgG+w==
  dependencies:
    "@types/prop-types" "*"
    "@types/scheduler" "*"
    csstype "^3.0.2"

"@types/scheduler@*":
  version "0.16.8"
  resolved "https://registry.yarnpkg.com/@types/scheduler/-/scheduler-0.16.8.tgz#ce5ace04cfeabe7ef87c0091e50752e36707deff"
  integrity sha512-WZLiwShhwLRmeV6zH+GkbOFT6Z6VklCItrDioxUnv+u4Ll+8vKeFySoFyK/0ctcRpOmwAicELfmys1sDc/Rw+A==

busboy@1.6.0:
  version "1.6.0"
  resolved "https://registry.yarnpkg.com/busboy/-/busboy-1.6.0.tgz#966ea36a9502e43cdb9146962523b92f531f6893"
  integrity sha512-8SFQbg/0hQ9xy3UNTB0YEnsNBbWfhf7RtnzpL7TkBiTBRfrQ9Fxcnz7VJsleJpyp6rVLvXiuORqjlHi5q+PYuA==
  dependencies:
    streamsearch "^1.1.0"

caniuse-lite@^1.0.30001406:
  version "1.0.30001572"
  resolved "https://registry.yarnpkg.com/caniuse-lite/-/caniuse-lite-1.0.30001572.tgz#1ccf7dc92d2ee2f92ed3a54e11b7b4a3041acfa0"
  integrity sha512-1Pbh5FLmn5y4+QhNyJE9j3/7dK44dGB83/ZMjv/qJk86TvDbjk0LosiZo0i0WB0Vx607qMX9jYrn1VLHCkN4rw==

client-only@0.0.1:
  version "0.0.1"
  resolved "https://registry.yarnpkg.com/client-only/-/client-only-0.0.1.tgz#38bba5d403c41ab150bff64a95c85013cf73bca1"
  integrity sha512-IV3Ou0jSMzZrd3pZ48nLkT9DA7Ag1pnPzaiQhpW7c3RbcqqzvzzVu+L8gfqMp/8IM2MQtSiqaCxrrcfu8I8rMA==

csstype@^3.0.2:
  version "3.1.3"
  resolved "https://registry.yarnpkg.com/csstype/-/csstype-3.1.3.tgz#d80ff294d114fb0e6ac500fbf85b60137d7eff81"
  integrity sha512-M1uQkMl8rQK/szD0LNhtqxIPLpimGm8sOBwU7lLnCpSbTyY3yeU1Vc7l4KT5zT4s/yOxHH5O7tIuuLOCnLADRw==

glob-to-regexp@^0.4.1:
  version "0.4.1"
  resolved "https://registry.yarnpkg.com/glob-to-regexp/-/glob-to-regexp-0.4.1.tgz#c75297087c851b9a578bd217dd59a92f59fe546e"
  integrity sha512-lkX1HJXwyMcprw/5YUZc2s7DrpAiHB21/V+E1rHUrVNokkvB6bqMzT0VfV6/86ZNabt1k14YOIaT7nDvOX3Iiw==

graceful-fs@^4.1.2, graceful-fs@^4.2.11:
  version "4.2.11"
  resolved "https://registry.yarnpkg.com/graceful-fs/-/graceful-fs-4.2.11.tgz#4183e4e8bf08bb6e05bbb2f7d2e0c8f712ca40e3"
  integrity sha512-RbJ5/jmFcNNCcDV5o9eTnBLJ/HszWV0P73bc+Ff4nS/rJj+YaS6IGyiOL0VoBYX+l1Wrl3k63h/KrH+nhJ0XvQ==

"js-tokens@^3.0.0 || ^4.0.0":
  version "4.0.0"
  resolved "https://registry.yarnpkg.com/js-tokens/-/js-tokens-4.0.0.tgz#19203fb59991df98e3a287050d4647cdeaf32499"
  integrity sha512-RdJUflcE3cUzKiMqQgsCu06FPu9UdIJO0beYbPhHN4k6apgJtifcoCtT9bcxOpYBtpD2kCM6Sbzg4CausW/PKQ==

lexical@^0.12.5:
  version "0.12.5"
  resolved "https://registry.yarnpkg.com/lexical/-/lexical-0.12.5.tgz#e8de986032721a7482a073a6d6e2d66e69a3d170"
  integrity sha512-ZMqisIxNe+JBqaUa1Qmz7ghpvnmARHxgYz+F0rcXRtSPZtgEL8OT2c9xk8CJ4ccVpf+qRQlONzCEIZfQQHd/RA==

loose-envify@^1.1.0:
  version "1.4.0"
  resolved "https://registry.yarnpkg.com/loose-envify/-/loose-envify-1.4.0.tgz#71ee51fa7be4caec1a63839f7e682d8132d30caf"
  integrity sha512-lyuxPGr/Wfhrlem2CL/UcnUc1zcqKAImBDzukY7Y5F/yQiNdko6+fRLevlw1HgMySw7f611UIY408EtxRSoK3Q==
  dependencies:
    js-tokens "^3.0.0 || ^4.0.0"

nanoid@^3.3.6:
  version "3.3.7"
  resolved "https://registry.yarnpkg.com/nanoid/-/nanoid-3.3.7.tgz#d0c301a691bc8d54efa0a2226ccf3fe2fd656bd8"
  integrity sha512-eSRppjcPIatRIMC1U6UngP8XFcz8MQWGQdt1MTBQ7NaAmvXDfvNxbvWV3x2y6CdEUciCSsDHDQZbhYaB8QEo2g==

next@14.0.4:
  version "14.0.4"
  resolved "https://registry.yarnpkg.com/next/-/next-14.0.4.tgz#bf00b6f835b20d10a5057838fa2dfced1d0d84dc"
  integrity sha512-qbwypnM7327SadwFtxXnQdGiKpkuhaRLE2uq62/nRul9cj9KhQ5LhHmlziTNqUidZotw/Q1I9OjirBROdUJNgA==
  dependencies:
    "@next/env" "14.0.4"
    "@swc/helpers" "0.5.2"
    busboy "1.6.0"
    caniuse-lite "^1.0.30001406"
    graceful-fs "^4.2.11"
    postcss "8.4.31"
    styled-jsx "5.1.1"
    watchpack "2.4.0"
  optionalDependencies:
    "@next/swc-darwin-arm64" "14.0.4"
    "@next/swc-darwin-x64" "14.0.4"
    "@next/swc-linux-arm64-gnu" "14.0.4"
    "@next/swc-linux-arm64-musl" "14.0.4"
    "@next/swc-linux-x64-gnu" "14.0.4"
    "@next/swc-linux-x64-musl" "14.0.4"
    "@next/swc-win32-arm64-msvc" "14.0.4"
    "@next/swc-win32-ia32-msvc" "14.0.4"
    "@next/swc-win32-x64-msvc" "14.0.4"

picocolors@^1.0.0:
  version "1.0.0"
  resolved "https://registry.yarnpkg.com/picocolors/-/picocolors-1.0.0.tgz#cb5bdc74ff3f51892236eaf79d68bc44564ab81c"
  integrity sha512-1fygroTLlHu66zi26VoTDv8yRgm0Fccecssto+MhsZ0D/DGW2sm8E8AjW7NU5VVTRt5GxbeZ5qBuJr+HyLYkjQ==

postcss@8.4.31:
  version "8.4.31"
  resolved "https://registry.yarnpkg.com/postcss/-/postcss-8.4.31.tgz#92b451050a9f914da6755af352bdc0192508656d"
  integrity sha512-PS08Iboia9mts/2ygV3eLpY5ghnUcfLV/EXTOW1E2qYxJKGGBUtNjN76FYHnMs36RmARn41bC0AZmn+rR0OVpQ==
  dependencies:
    nanoid "^3.3.6"
    picocolors "^1.0.0"
    source-map-js "^1.0.2"

prismjs@^1.27.0:
  version "1.29.0"
  resolved "https://registry.yarnpkg.com/prismjs/-/prismjs-1.29.0.tgz#f113555a8fa9b57c35e637bba27509dcf802dd12"
  integrity sha512-Kx/1w86q/epKcmte75LNrEoT+lX8pBpavuAbvJWRXar7Hz8jrtF+e3vY751p0R8H9HdArwaCTNDDzHg/ScJK1Q==

react-dom@^18:
  version "18.2.0"
  resolved "https://registry.yarnpkg.com/react-dom/-/react-dom-18.2.0.tgz#22aaf38708db2674ed9ada224ca4aa708d821e3d"
  integrity sha512-6IMTriUmvsjHUjNtEDudZfuDQUoWXVxKHhlEGSk81n4YFS+r/Kl99wXiwlVXtPBtJenozv2P+hxDsw9eA7Xo6g==
  dependencies:
    loose-envify "^1.1.0"
    scheduler "^0.23.0"

react-error-boundary@^3.1.4:
  version "3.1.4"
  resolved "https://registry.yarnpkg.com/react-error-boundary/-/react-error-boundary-3.1.4.tgz#255db92b23197108757a888b01e5b729919abde0"
  integrity sha512-uM9uPzZJTF6wRQORmSrvOIgt4lJ9MC1sNgEOj2XGsDTRE4kmpWxg7ENK9EWNKJRMAOY9z0MuF4yIfl6gp4sotA==
  dependencies:
    "@babel/runtime" "^7.12.5"

react@^18:
  version "18.2.0"
  resolved "https://registry.yarnpkg.com/react/-/react-18.2.0.tgz#555bd98592883255fa00de14f1151a917b5d77d5"
  integrity sha512-/3IjMdb2L9QbBdWiW5e3P2/npwMBaU9mHCSCUzNln0ZCYbcfTsGbTJrU/kGemdH2IWmB2ioZ+zkxtmq6g09fGQ==
  dependencies:
    loose-envify "^1.1.0"

regenerator-runtime@^0.14.0:
  version "0.14.1"
  resolved "https://registry.yarnpkg.com/regenerator-runtime/-/regenerator-runtime-0.14.1.tgz#356ade10263f685dda125100cd862c1db895327f"
  integrity sha512-dYnhHh0nJoMfnkZs6GmmhFknAGRrLznOu5nc9ML+EJxGvrx6H7teuevqVqCuPcPK//3eDrrjQhehXVx9cnkGdw==

scheduler@^0.23.0:
  version "0.23.0"
  resolved "https://registry.yarnpkg.com/scheduler/-/scheduler-0.23.0.tgz#ba8041afc3d30eb206a487b6b384002e4e61fdfe"
  integrity sha512-CtuThmgHNg7zIZWAXi3AsyIzA3n4xx7aNyjwC2VJldO2LMVDhFK+63xGqq6CsJH4rTAt6/M+N4GhZiDYPx9eUw==
  dependencies:
    loose-envify "^1.1.0"

source-map-js@^1.0.2:
  version "1.0.2"
  resolved "https://registry.yarnpkg.com/source-map-js/-/source-map-js-1.0.2.tgz#adbc361d9c62df380125e7f161f71c826f1e490c"
  integrity sha512-R0XvVJ9WusLiqTCEiGCmICCMplcCkIwwR11mOSD9CR5u+IXYdiseeEuXCVAjS54zqwkLcPNnmU4OeJ6tUrWhDw==

streamsearch@^1.1.0:
  version "1.1.0"
  resolved "https://registry.yarnpkg.com/streamsearch/-/streamsearch-1.1.0.tgz#404dd1e2247ca94af554e841a8ef0eaa238da764"
  integrity sha512-Mcc5wHehp9aXz1ax6bZUyY5afg9u2rv5cqQI3mRrYkGC8rW2hM02jWuwjtL++LS5qinSyhj2QfLyNsuc+VsExg==

styled-jsx@5.1.1:
  version "5.1.1"
  resolved "https://registry.yarnpkg.com/styled-jsx/-/styled-jsx-5.1.1.tgz#839a1c3aaacc4e735fed0781b8619ea5d0009d1f"
  integrity sha512-pW7uC1l4mBZ8ugbiZrcIsiIvVx1UmTfw7UkC3Um2tmfUq9Bhk8IiyEIPl6F8agHgjzku6j0xQEZbfA5uSgSaCw==
  dependencies:
    client-only "0.0.1"

tslib@^2.4.0:
  version "2.6.2"
  resolved "https://registry.yarnpkg.com/tslib/-/tslib-2.6.2.tgz#703ac29425e7b37cd6fd456e92404d46d1f3e4ae"
  integrity sha512-AEYxH93jGFPn/a2iVAwW87VuUIkR1FVUKB77NwMF7nBTDkDrrT/Hpt/IrCJ0QXhW27jTBDcf5ZY7w6RiqTMw2Q==

typescript@5.3.3:
  version "5.3.3"
  resolved "https://registry.yarnpkg.com/typescript/-/typescript-5.3.3.tgz#b3ce6ba258e72e6305ba66f5c9b452aaee3ffe37"
  integrity sha512-pXWcraxM0uxAS+tN0AG/BF2TyqmHO014Z070UsJ+pFvYuRSq8KH8DmWpnbXe0pEPDHXZV3FcAbJkijJ5oNEnWw==

undici-types@~5.26.4:
  version "5.26.5"
  resolved "https://registry.yarnpkg.com/undici-types/-/undici-types-5.26.5.tgz#bcd539893d00b56e964fd2657a4866b221a65617"
  integrity sha512-JlCMO+ehdEIKqlFxk6IfVoAUVmgz7cU7zD/h9XZ0qzeosSHmUJVOzSQvvYSYWXkFXC+IfLKSIffhv0sVZup6pA==

watchpack@2.4.0:
  version "2.4.0"
  resolved "https://registry.yarnpkg.com/watchpack/-/watchpack-2.4.0.tgz#fa33032374962c78113f93c7f2fb4c54c9862a5d"
  integrity sha512-Lcvm7MGST/4fup+ifyKi2hjyIAwcdI4HRgtvTpIUxBRhB+RFtUh8XtDOxUfctVCnhVi+QQj49i91OyvzkJl6cg==
  dependencies:
    glob-to-regexp "^0.4.1"
    graceful-fs "^4.1.2"
